// !$*UTF8*$!
{
	archiveVersion = 1;
	classes = {
	};
	objectVersion = 55;
	objects = {

/* Begin PBXBuildFile section */
		D06A8E0A2792D64C003E3833 /* AppDelegate.swift in Sources */ = {isa = PBXBuildFile; fileRef = D06A8E092792D64C003E3833 /* AppDelegate.swift */; };
		D06A8E0E2792D64C003E3833 /* MainViewController.swift in Sources */ = {isa = PBXBuildFile; fileRef = D06A8E0D2792D64C003E3833 /* MainViewController.swift */; };
		D06A8E132792D64D003E3833 /* Assets.xcassets in Resources */ = {isa = PBXBuildFile; fileRef = D06A8E122792D64D003E3833 /* Assets.xcassets */; };
		D06A8E202792D8D9003E3833 /* ViewControllerWithView.swift in Sources */ = {isa = PBXBuildFile; fileRef = D06A8E1F2792D8D9003E3833 /* ViewControllerWithView.swift */; };
		D06A8E222792D997003E3833 /* MainView.swift in Sources */ = {isa = PBXBuildFile; fileRef = D06A8E212792D997003E3833 /* MainView.swift */; };
		D06A8E242792DA59003E3833 /* TODOModel.swift in Sources */ = {isa = PBXBuildFile; fileRef = D06A8E232792DA59003E3833 /* TODOModel.swift */; };
		D06A8E272792E51F003E3833 /* ToDoCell.swift in Sources */ = {isa = PBXBuildFile; fileRef = D06A8E262792E51F003E3833 /* ToDoCell.swift */; };
		D06A8E292792E57E003E3833 /* Constants.swift in Sources */ = {isa = PBXBuildFile; fileRef = D06A8E282792E57E003E3833 /* Constants.swift */; };
		D06A8E2C2792E8CE003E3833 /* UIButtonExtension.swift in Sources */ = {isa = PBXBuildFile; fileRef = D06A8E2B2792E8CE003E3833 /* UIButtonExtension.swift */; };
		D06A8E2E2792F800003E3833 /* MainViewViewModel.swift in Sources */ = {isa = PBXBuildFile; fileRef = D06A8E2D2792F800003E3833 /* MainViewViewModel.swift */; };
		D06A8E302792FBC7003E3833 /* TableViewExtension.swift in Sources */ = {isa = PBXBuildFile; fileRef = D06A8E2F2792FBC7003E3833 /* TableViewExtension.swift */; };
		D06A8E3227930033003E3833 /* SceneDelegate.swift in Sources */ = {isa = PBXBuildFile; fileRef = D06A8E3127930033003E3833 /* SceneDelegate.swift */; };
		F0B624C69AB70B624D1B70FA /* Pods_TODOappFinantech.framework in Frameworks */ = {isa = PBXBuildFile; fileRef = 2B2A87B962E48936733B5BF7 /* Pods_TODOappFinantech.framework */; };
/* End PBXBuildFile section */

/* Begin PBXFileReference section */
		2B2A87B962E48936733B5BF7 /* Pods_TODOappFinantech.framework */ = {isa = PBXFileReference; explicitFileType = wrapper.framework; includeInIndex = 0; path = Pods_TODOappFinantech.framework; sourceTree = BUILT_PRODUCTS_DIR; };
		4E08967E56D461B209FBB1A0 /* Pods-TODOappFinantech.release.xcconfig */ = {isa = PBXFileReference; includeInIndex = 1; lastKnownFileType = text.xcconfig; name = "Pods-TODOappFinantech.release.xcconfig"; path = "Target Support Files/Pods-TODOappFinantech/Pods-TODOappFinantech.release.xcconfig"; sourceTree = "<group>"; };
		A5B3F087AB9E54BE4BD34ABA /* Pods-TODOappFinantech.debug.xcconfig */ = {isa = PBXFileReference; includeInIndex = 1; lastKnownFileType = text.xcconfig; name = "Pods-TODOappFinantech.debug.xcconfig"; path = "Target Support Files/Pods-TODOappFinantech/Pods-TODOappFinantech.debug.xcconfig"; sourceTree = "<group>"; };
		D06A8E062792D64C003E3833 /* TODOappFinantech.app */ = {isa = PBXFileReference; explicitFileType = wrapper.application; includeInIndex = 0; path = TODOappFinantech.app; sourceTree = BUILT_PRODUCTS_DIR; };
		D06A8E092792D64C003E3833 /* AppDelegate.swift */ = {isa = PBXFileReference; lastKnownFileType = sourcecode.swift; path = AppDelegate.swift; sourceTree = "<group>"; };
		D06A8E0D2792D64C003E3833 /* MainViewController.swift */ = {isa = PBXFileReference; lastKnownFileType = sourcecode.swift; path = MainViewController.swift; sourceTree = "<group>"; };
		D06A8E122792D64D003E3833 /* Assets.xcassets */ = {isa = PBXFileReference; lastKnownFileType = folder.assetcatalog; path = Assets.xcassets; sourceTree = "<group>"; };
		D06A8E172792D64D003E3833 /* Info.plist */ = {isa = PBXFileReference; lastKnownFileType = text.plist.xml; path = Info.plist; sourceTree = "<group>"; };
		D06A8E1F2792D8D9003E3833 /* ViewControllerWithView.swift */ = {isa = PBXFileReference; lastKnownFileType = sourcecode.swift; path = ViewControllerWithView.swift; sourceTree = "<group>"; };
		D06A8E212792D997003E3833 /* MainView.swift */ = {isa = PBXFileReference; lastKnownFileType = sourcecode.swift; path = MainView.swift; sourceTree = "<group>"; };
		D06A8E232792DA59003E3833 /* TODOModel.swift */ = {isa = PBXFileReference; lastKnownFileType = sourcecode.swift; path = TODOModel.swift; sourceTree = "<group>"; };
		D06A8E262792E51F003E3833 /* ToDoCell.swift */ = {isa = PBXFileReference; lastKnownFileType = sourcecode.swift; path = ToDoCell.swift; sourceTree = "<group>"; };
		D06A8E282792E57E003E3833 /* Constants.swift */ = {isa = PBXFileReference; lastKnownFileType = sourcecode.swift; path = Constants.swift; sourceTree = "<group>"; };
		D06A8E2B2792E8CE003E3833 /* UIButtonExtension.swift */ = {isa = PBXFileReference; lastKnownFileType = sourcecode.swift; path = UIButtonExtension.swift; sourceTree = "<group>"; };
		D06A8E2D2792F800003E3833 /* MainViewViewModel.swift */ = {isa = PBXFileReference; lastKnownFileType = sourcecode.swift; path = MainViewViewModel.swift; sourceTree = "<group>"; };
		D06A8E2F2792FBC7003E3833 /* TableViewExtension.swift */ = {isa = PBXFileReference; lastKnownFileType = sourcecode.swift; path = TableViewExtension.swift; sourceTree = "<group>"; };
		D06A8E3127930033003E3833 /* SceneDelegate.swift */ = {isa = PBXFileReference; lastKnownFileType = sourcecode.swift; path = SceneDelegate.swift; sourceTree = "<group>"; };
/* End PBXFileReference section */

/* Begin PBXFrameworksBuildPhase section */
		D06A8E032792D64C003E3833 /* Frameworks */ = {
			isa = PBXFrameworksBuildPhase;
			buildActionMask = 2147483647;
			files = (
				F0B624C69AB70B624D1B70FA /* Pods_TODOappFinantech.framework in Frameworks */,
			);
			runOnlyForDeploymentPostprocessing = 0;
		};
/* End PBXFrameworksBuildPhase section */

/* Begin PBXGroup section */
		36887829F04295305CBBCC3C /* Pods */ = {
			isa = PBXGroup;
			children = (
				A5B3F087AB9E54BE4BD34ABA /* Pods-TODOappFinantech.debug.xcconfig */,
				4E08967E56D461B209FBB1A0 /* Pods-TODOappFinantech.release.xcconfig */,
			);
			path = Pods;
			sourceTree = "<group>";
		};
		D06A8DFD2792D64C003E3833 = {
			isa = PBXGroup;
			children = (
				D06A8E082792D64C003E3833 /* TODOappFinantech */,
				D06A8E072792D64C003E3833 /* Products */,
				36887829F04295305CBBCC3C /* Pods */,
				F3069ED664BD05391AC5F1CD /* Frameworks */,
			);
			sourceTree = "<group>";
		};
		D06A8E072792D64C003E3833 /* Products */ = {
			isa = PBXGroup;
			children = (
				D06A8E062792D64C003E3833 /* TODOappFinantech.app */,
			);
			name = Products;
			sourceTree = "<group>";
		};
		D06A8E082792D64C003E3833 /* TODOappFinantech */ = {
			isa = PBXGroup;
			children = (
				D06A8E252792DA6A003E3833 /* Models */,
				D06A8E2A2792E8BB003E3833 /* Extensions */,
				D06A8E1E2792D8AE003E3833 /* CustomClasses */,
				D06A8E1D2792D753003E3833 /* Views */,
				D06A8E092792D64C003E3833 /* AppDelegate.swift */,
				D06A8E3127930033003E3833 /* SceneDelegate.swift */,
				D06A8E122792D64D003E3833 /* Assets.xcassets */,
				D06A8E172792D64D003E3833 /* Info.plist */,
			);
			path = TODOappFinantech;
			sourceTree = "<group>";
		};
		D06A8E1D2792D753003E3833 /* Views */ = {
			isa = PBXGroup;
			children = (
				D06A8E0D2792D64C003E3833 /* MainViewController.swift */,
				D06A8E212792D997003E3833 /* MainView.swift */,
				D06A8E262792E51F003E3833 /* ToDoCell.swift */,
				D06A8E2D2792F800003E3833 /* MainViewViewModel.swift */,
			);
			path = Views;
			sourceTree = "<group>";
		};
		D06A8E1E2792D8AE003E3833 /* CustomClasses */ = {
			isa = PBXGroup;
			children = (
				D06A8E1F2792D8D9003E3833 /* ViewControllerWithView.swift */,
				D06A8E282792E57E003E3833 /* Constants.swift */,
			);
			path = CustomClasses;
			sourceTree = "<group>";
		};
		D06A8E252792DA6A003E3833 /* Models */ = {
			isa = PBXGroup;
			children = (
				D06A8E232792DA59003E3833 /* TODOModel.swift */,
			);
			path = Models;
			sourceTree = "<group>";
		};
		D06A8E2A2792E8BB003E3833 /* Extensions */ = {
			isa = PBXGroup;
			children = (
				D06A8E2B2792E8CE003E3833 /* UIButtonExtension.swift */,
				D06A8E2F2792FBC7003E3833 /* TableViewExtension.swift */,
			);
			path = Extensions;
			sourceTree = "<group>";
		};
		F3069ED664BD05391AC5F1CD /* Frameworks */ = {
			isa = PBXGroup;
			children = (
				2B2A87B962E48936733B5BF7 /* Pods_TODOappFinantech.framework */,
			);
			name = Frameworks;
			sourceTree = "<group>";
		};
/* End PBXGroup section */

/* Begin PBXNativeTarget section */
		D06A8E052792D64C003E3833 /* TODOappFinantech */ = {
			isa = PBXNativeTarget;
			buildConfigurationList = D06A8E1A2792D64D003E3833 /* Build configuration list for PBXNativeTarget "TODOappFinantech" */;
			buildPhases = (
				3D1B9EC47D810E2BB4873CED /* [CP] Check Pods Manifest.lock */,
				D06A8E022792D64C003E3833 /* Sources */,
				D06A8E032792D64C003E3833 /* Frameworks */,
				D06A8E042792D64C003E3833 /* Resources */,
				84259A9A3AC601E5D1696294 /* [CP] Embed Pods Frameworks */,
			);
			buildRules = (
			);
			dependencies = (
			);
			name = TODOappFinantech;
			productName = TODOappFinantech;
			productReference = D06A8E062792D64C003E3833 /* TODOappFinantech.app */;
			productType = "com.apple.product-type.application";
		};
/* End PBXNativeTarget section */

/* Begin PBXProject section */
		D06A8DFE2792D64C003E3833 /* Project object */ = {
			isa = PBXProject;
			attributes = {
				BuildIndependentTargetsInParallel = 1;
				LastSwiftUpdateCheck = 1320;
				LastUpgradeCheck = 1320;
				TargetAttributes = {
					D06A8E052792D64C003E3833 = {
						CreatedOnToolsVersion = 13.2.1;
					};
				};
			};
			buildConfigurationList = D06A8E012792D64C003E3833 /* Build configuration list for PBXProject "TODOappFinantech" */;
			compatibilityVersion = "Xcode 13.0";
			developmentRegion = en;
			hasScannedForEncodings = 0;
			knownRegions = (
				en,
				Base,
			);
			mainGroup = D06A8DFD2792D64C003E3833;
			productRefGroup = D06A8E072792D64C003E3833 /* Products */;
			projectDirPath = "";
			projectRoot = "";
			targets = (
				D06A8E052792D64C003E3833 /* TODOappFinantech */,
			);
		};
/* End PBXProject section */

/* Begin PBXResourcesBuildPhase section */
		D06A8E042792D64C003E3833 /* Resources */ = {
			isa = PBXResourcesBuildPhase;
			buildActionMask = 2147483647;
			files = (
				D06A8E132792D64D003E3833 /* Assets.xcassets in Resources */,
			);
			runOnlyForDeploymentPostprocessing = 0;
		};
/* End PBXResourcesBuildPhase section */

/* Begin PBXShellScriptBuildPhase section */
		3D1B9EC47D810E2BB4873CED /* [CP] Check Pods Manifest.lock */ = {
			isa = PBXShellScriptBuildPhase;
			buildActionMask = 2147483647;
			files = (
			);
			inputFileListPaths = (
			);
			inputPaths = (
				"${PODS_PODFILE_DIR_PATH}/Podfile.lock",
				"${PODS_ROOT}/Manifest.lock",
			);
			name = "[CP] Check Pods Manifest.lock";
			outputFileListPaths = (
			);
			outputPaths = (
				"$(DERIVED_FILE_DIR)/Pods-TODOappFinantech-checkManifestLockResult.txt",
			);
			runOnlyForDeploymentPostprocessing = 0;
			shellPath = /bin/sh;
			shellScript = "diff \"${PODS_PODFILE_DIR_PATH}/Podfile.lock\" \"${PODS_ROOT}/Manifest.lock\" > /dev/null\nif [ $? != 0 ] ; then\n    # print error to STDERR\n    echo \"error: The sandbox is not in sync with the Podfile.lock. Run 'pod install' or update your CocoaPods installation.\" >&2\n    exit 1\nfi\n# This output is used by Xcode 'outputs' to avoid re-running this script phase.\necho \"SUCCESS\" > \"${SCRIPT_OUTPUT_FILE_0}\"\n";
			showEnvVarsInLog = 0;
		};
		84259A9A3AC601E5D1696294 /* [CP] Embed Pods Frameworks */ = {
			isa = PBXShellScriptBuildPhase;
			buildActionMask = 2147483647;
			files = (
			);
			inputFileListPaths = (
				"${PODS_ROOT}/Target Support Files/Pods-TODOappFinantech/Pods-TODOappFinantech-frameworks-${CONFIGURATION}-input-files.xcfilelist",
			);
			name = "[CP] Embed Pods Frameworks";
			outputFileListPaths = (
				"${PODS_ROOT}/Target Support Files/Pods-TODOappFinantech/Pods-TODOappFinantech-frameworks-${CONFIGURATION}-output-files.xcfilelist",
			);
			runOnlyForDeploymentPostprocessing = 0;
			shellPath = /bin/sh;
			shellScript = "\"${PODS_ROOT}/Target Support Files/Pods-TODOappFinantech/Pods-TODOappFinantech-frameworks.sh\"\n";
			showEnvVarsInLog = 0;
		};
/* End PBXShellScriptBuildPhase section */

/* Begin PBXSourcesBuildPhase section */
		D06A8E022792D64C003E3833 /* Sources */ = {
			isa = PBXSourcesBuildPhase;
			buildActionMask = 2147483647;
			files = (
				D06A8E0E2792D64C003E3833 /* MainViewController.swift in Sources */,
				D06A8E202792D8D9003E3833 /* ViewControllerWithView.swift in Sources */,
				D06A8E272792E51F003E3833 /* ToDoCell.swift in Sources */,
				D06A8E0A2792D64C003E3833 /* AppDelegate.swift in Sources */,
				D06A8E242792DA59003E3833 /* TODOModel.swift in Sources */,
				D06A8E302792FBC7003E3833 /* TableViewExtension.swift in Sources */,
				D06A8E2C2792E8CE003E3833 /* UIButtonExtension.swift in Sources */,
				D06A8E3227930033003E3833 /* SceneDelegate.swift in Sources */,
				D06A8E222792D997003E3833 /* MainView.swift in Sources */,
				D06A8E2E2792F800003E3833 /* MainViewViewModel.swift in Sources */,
				D06A8E292792E57E003E3833 /* Constants.swift in Sources */,
			);
			runOnlyForDeploymentPostprocessing = 0;
		};
/* End PBXSourcesBuildPhase section */

/* Begin XCBuildConfiguration section */
		D06A8E182792D64D003E3833 /* Debug */ = {
			isa = XCBuildConfiguration;
			buildSettings = {
				ALWAYS_SEARCH_USER_PATHS = NO;
				CLANG_ANALYZER_NONNULL = YES;
				CLANG_ANALYZER_NUMBER_OBJECT_CONVERSION = YES_AGGRESSIVE;
				CLANG_CXX_LANGUAGE_STANDARD = "gnu++17";
				CLANG_CXX_LIBRARY = "libc++";
				CLANG_ENABLE_MODULES = YES;
				CLANG_ENABLE_OBJC_ARC = YES;
				CLANG_ENABLE_OBJC_WEAK = YES;
				CLANG_WARN_BLOCK_CAPTURE_AUTORELEASING = YES;
				CLANG_WARN_BOOL_CONVERSION = YES;
				CLANG_WARN_COMMA = YES;
				CLANG_WARN_CONSTANT_CONVERSION = YES;
				CLANG_WARN_DEPRECATED_OBJC_IMPLEMENTATIONS = YES;
				CLANG_WARN_DIRECT_OBJC_ISA_USAGE = YES_ERROR;
				CLANG_WARN_DOCUMENTATION_COMMENTS = YES;
				CLANG_WARN_EMPTY_BODY = YES;
				CLANG_WARN_ENUM_CONVERSION = YES;
				CLANG_WARN_INFINITE_RECURSION = YES;
				CLANG_WARN_INT_CONVERSION = YES;
				CLANG_WARN_NON_LITERAL_NULL_CONVERSION = YES;
				CLANG_WARN_OBJC_IMPLICIT_RETAIN_SELF = YES;
				CLANG_WARN_OBJC_LITERAL_CONVERSION = YES;
				CLANG_WARN_OBJC_ROOT_CLASS = YES_ERROR;
				CLANG_WARN_QUOTED_INCLUDE_IN_FRAMEWORK_HEADER = YES;
				CLANG_WARN_RANGE_LOOP_ANALYSIS = YES;
				CLANG_WARN_STRICT_PROTOTYPES = YES;
				CLANG_WARN_SUSPICIOUS_MOVE = YES;
				CLANG_WARN_UNGUARDED_AVAILABILITY = YES_AGGRESSIVE;
				CLANG_WARN_UNREACHABLE_CODE = YES;
				CLANG_WARN__DUPLICATE_METHOD_MATCH = YES;
				COPY_PHASE_STRIP = NO;
				DEBUG_INFORMATION_FORMAT = dwarf;
				ENABLE_STRICT_OBJC_MSGSEND = YES;
				ENABLE_TESTABILITY = YES;
				GCC_C_LANGUAGE_STANDARD = gnu11;
				GCC_DYNAMIC_NO_PIC = NO;
				GCC_NO_COMMON_BLOCKS = YES;
				GCC_OPTIMIZATION_LEVEL = 0;
				GCC_PREPROCESSOR_DEFINITIONS = (
					"DEBUG=1",
					"$(inherited)",
				);
				GCC_WARN_64_TO_32_BIT_CONVERSION = YES;
				GCC_WARN_ABOUT_RETURN_TYPE = YES_ERROR;
				GCC_WARN_UNDECLARED_SELECTOR = YES;
				GCC_WARN_UNINITIALIZED_AUTOS = YES_AGGRESSIVE;
				GCC_WARN_UNUSED_FUNCTION = YES;
				GCC_WARN_UNUSED_VARIABLE = YES;
				IPHONEOS_DEPLOYMENT_TARGET = 15.2;
				MTL_ENABLE_DEBUG_INFO = INCLUDE_SOURCE;
				MTL_FAST_MATH = YES;
				ONLY_ACTIVE_ARCH = YES;
				SDKROOT = iphoneos;
				SWIFT_ACTIVE_COMPILATION_CONDITIONS = DEBUG;
				SWIFT_OPTIMIZATION_LEVEL = "-Onone";
			};
			name = Debug;
		};
		D06A8E192792D64D003E3833 /* Release */ = {
			isa = XCBuildConfiguration;
			buildSettings = {
				ALWAYS_SEARCH_USER_PATHS = NO;
				CLANG_ANALYZER_NONNULL = YES;
				CLANG_ANALYZER_NUMBER_OBJECT_CONVERSION = YES_AGGRESSIVE;
				CLANG_CXX_LANGUAGE_STANDARD = "gnu++17";
				CLANG_CXX_LIBRARY = "libc++";
				CLANG_ENABLE_MODULES = YES;
				CLANG_ENABLE_OBJC_ARC = YES;
				CLANG_ENABLE_OBJC_WEAK = YES;
				CLANG_WARN_BLOCK_CAPTURE_AUTORELEASING = YES;
				CLANG_WARN_BOOL_CONVERSION = YES;
				CLANG_WARN_COMMA = YES;
				CLANG_WARN_CONSTANT_CONVERSION = YES;
				CLANG_WARN_DEPRECATED_OBJC_IMPLEMENTATIONS = YES;
				CLANG_WARN_DIRECT_OBJC_ISA_USAGE = YES_ERROR;
				CLANG_WARN_DOCUMENTATION_COMMENTS = YES;
				CLANG_WARN_EMPTY_BODY = YES;
				CLANG_WARN_ENUM_CONVERSION = YES;
				CLANG_WARN_INFINITE_RECURSION = YES;
				CLANG_WARN_INT_CONVERSION = YES;
				CLANG_WARN_NON_LITERAL_NULL_CONVERSION = YES;
				CLANG_WARN_OBJC_IMPLICIT_RETAIN_SELF = YES;
				CLANG_WARN_OBJC_LITERAL_CONVERSION = YES;
				CLANG_WARN_OBJC_ROOT_CLASS = YES_ERROR;
				CLANG_WARN_QUOTED_INCLUDE_IN_FRAMEWORK_HEADER = YES;
				CLANG_WARN_RANGE_LOOP_ANALYSIS = YES;
				CLANG_WARN_STRICT_PROTOTYPES = YES;
				CLANG_WARN_SUSPICIOUS_MOVE = YES;
				CLANG_WARN_UNGUARDED_AVAILABILITY = YES_AGGRESSIVE;
				CLANG_WARN_UNREACHABLE_CODE = YES;
				CLANG_WARN__DUPLICATE_METHOD_MATCH = YES;
				COPY_PHASE_STRIP = NO;
				DEBUG_INFORMATION_FORMAT = "dwarf-with-dsym";
				ENABLE_NS_ASSERTIONS = NO;
				ENABLE_STRICT_OBJC_MSGSEND = YES;
				GCC_C_LANGUAGE_STANDARD = gnu11;
				GCC_NO_COMMON_BLOCKS = YES;
				GCC_WARN_64_TO_32_BIT_CONVERSION = YES;
				GCC_WARN_ABOUT_RETURN_TYPE = YES_ERROR;
				GCC_WARN_UNDECLARED_SELECTOR = YES;
				GCC_WARN_UNINITIALIZED_AUTOS = YES_AGGRESSIVE;
				GCC_WARN_UNUSED_FUNCTION = YES;
				GCC_WARN_UNUSED_VARIABLE = YES;
				IPHONEOS_DEPLOYMENT_TARGET = 15.2;
				MTL_ENABLE_DEBUG_INFO = NO;
				MTL_FAST_MATH = YES;
				SDKROOT = iphoneos;
				SWIFT_COMPILATION_MODE = wholemodule;
				SWIFT_OPTIMIZATION_LEVEL = "-O";
				VALIDATE_PRODUCT = YES;
			};
			name = Release;
		};
		D06A8E1B2792D64D003E3833 /* Debug */ = {
			isa = XCBuildConfiguration;
			baseConfigurationReference = A5B3F087AB9E54BE4BD34ABA /* Pods-TODOappFinantech.debug.xcconfig */;
			buildSettings = {
				ASSETCATALOG_COMPILER_APPICON_NAME = AppIcon;
				ASSETCATALOG_COMPILER_GLOBAL_ACCENT_COLOR_NAME = AccentColor;
				CODE_SIGN_STYLE = Automatic;
				CURRENT_PROJECT_VERSION = 1;
				DEVELOPMENT_TEAM = PNR29ZCK6M;
				GENERATE_INFOPLIST_FILE = YES;
				INFOPLIST_FILE = TODOappFinantech/Info.plist;
				INFOPLIST_KEY_UIApplicationSupportsIndirectInputEvents = YES;
				INFOPLIST_KEY_UILaunchStoryboardName = LaunchScreen;
				INFOPLIST_KEY_UISupportedInterfaceOrientations_iPad = "UIInterfaceOrientationPortrait UIInterfaceOrientationPortraitUpsideDown UIInterfaceOrientationLandscapeLeft UIInterfaceOrientationLandscapeRight";
				INFOPLIST_KEY_UISupportedInterfaceOrientations_iPhone = "UIInterfaceOrientationPortrait UIInterfaceOrientationLandscapeLeft UIInterfaceOrientationLandscapeRight";
				LD_RUNPATH_SEARCH_PATHS = (
					"$(inherited)",
					"@executable_path/Frameworks",
				);
				MARKETING_VERSION = 1.0;
				PRODUCT_BUNDLE_IDENTIFIER = miko.TODOappFinantech;
				PRODUCT_NAME = "$(TARGET_NAME)";
				SWIFT_EMIT_LOC_STRINGS = YES;
				SWIFT_VERSION = 5.0;
				TARGETED_DEVICE_FAMILY = "1,2";
			};
			name = Debug;
		};
		D06A8E1C2792D64D003E3833 /* Release */ = {
			isa = XCBuildConfiguration;
			baseConfigurationReference = 4E08967E56D461B209FBB1A0 /* Pods-TODOappFinantech.release.xcconfig */;
			buildSettings = {
				ASSETCATALOG_COMPILER_APPICON_NAME = AppIcon;
				ASSETCATALOG_COMPILER_GLOBAL_ACCENT_COLOR_NAME = AccentColor;
				CODE_SIGN_STYLE = Automatic;
				CURRENT_PROJECT_VERSION = 1;
				DEVELOPMENT_TEAM = PNR29ZCK6M;
				GENERATE_INFOPLIST_FILE = YES;
				INFOPLIST_FILE = TODOappFinantech/Info.plist;
				INFOPLIST_KEY_UIApplicationSupportsIndirectInputEvents = YES;
				INFOPLIST_KEY_UILaunchStoryboardName = LaunchScreen;
				INFOPLIST_KEY_UISupportedInterfaceOrientations_iPad = "UIInterfaceOrientationPortrait UIInterfaceOrientationPortraitUpsideDown UIInterfaceOrientationLandscapeLeft UIInterfaceOrientationLandscapeRight";
				INFOPLIST_KEY_UISupportedInterfaceOrientations_iPhone = "UIInterfaceOrientationPortrait UIInterfaceOrientationLandscapeLeft UIInterfaceOrientationLandscapeRight";
				LD_RUNPATH_SEARCH_PATHS = (
					"$(inherited)",
					"@executable_path/Frameworks",
				);
				MARKETING_VERSION = 1.0;
				PRODUCT_BUNDLE_IDENTIFIER = miko.TODOappFinantech;
				PRODUCT_NAME = "$(TARGET_NAME)";
				SWIFT_EMIT_LOC_STRINGS = YES;
				SWIFT_VERSION = 5.0;
				TARGETED_DEVICE_FAMILY = "1,2";
			};
			name = Release;
		};
/* End XCBuildConfiguration section */

/* Begin XCConfigurationList section */
		D06A8E012792D64C003E3833 /* Build configuration list for PBXProject "TODOappFinantech" */ = {
			isa = XCConfigurationList;
			buildConfigurations = (
				D06A8E182792D64D003E3833 /* Debug */,
				D06A8E192792D64D003E3833 /* Release */,
			);
			defaultConfigurationIsVisible = 0;
			defaultConfigurationName = Release;
		};
		D06A8E1A2792D64D003E3833 /* Build configuration list for PBXNativeTarget "TODOappFinantech" */ = {
			isa = XCConfigurationList;
			buildConfigurations = (
				D06A8E1B2792D64D003E3833 /* Debug */,
				D06A8E1C2792D64D003E3833 /* Release */,
			);
			defaultConfigurationIsVisible = 0;
			defaultConfigurationName = Release;
		};
/* End XCConfigurationList section */
	};
	rootObject = D06A8DFE2792D64C003E3833 /* Project object */;
}
